
Microsoft Visual Studio Solution File, Format Version 12.00
# Visual Studio Version 17
VisualStudioVersion = 17.6.33815.320
MinimumVisualStudioVersion = 10.0.40219.1
Project("{9A19103F-16F7-4668-BE54-9A1E7A4F7556}") = "N4ZV0Z_HFT_2023241.Client", "N4ZV0Z_HFT_2023241.Client\N4ZV0Z_HFT_2023241.Client.csproj", "{0E08157C-46FA-43CB-B269-9B83535732B9}"
EndProject
Project("{9A19103F-16F7-4668-BE54-9A1E7A4F7556}") = "N4ZV0Z_HFT_2023241.Models", "N4ZV0Z_HFT_2023241.Models\N4ZV0Z_HFT_2023241.Models.csproj", "{8F413222-A843-4BA9-BA84-3B4A3543F308}"
EndProject
Project("{9A19103F-16F7-4668-BE54-9A1E7A4F7556}") = "N4ZV0Z_HFT_2023241.Logic", "N4ZV0Z_HFT_2023241.Logic\N4ZV0Z_HFT_2023241.Logic.csproj", "{7C03D7AA-6B69-4585-A003-EABFBBF12DF2}"
EndProject
Project("{9A19103F-16F7-4668-BE54-9A1E7A4F7556}") = "N4ZV0Z_HFT_2023241.Repository", "N4ZV0Z_HFT_2023241.Repository\N4ZV0Z_HFT_2023241.Repository.csproj", "{8782EAB7-9EC3-4AC3-95FB-B0B3516E44C2}"
EndProject
Project("{9A19103F-16F7-4668-BE54-9A1E7A4F7556}") = "N4ZV0Z_HFT_2023241.Test", "N4ZV0Z_HFT_2023241.Test\N4ZV0Z_HFT_2023241.Test.csproj", "{604A4373-16D9-4181-9F67-01E750158659}"
EndProject
Project("{2150E333-8FDC-42A3-9474-1A3956D46DE8}") = "Backend", "Backend", "{384CD11E-A79B-4432-A73F-77C59CA06C94}"
EndProject
Project("{2150E333-8FDC-42A3-9474-1A3956D46DE8}") = "Frontend", "Frontend", "{38A9BAF5-725A-4D66-8EF7-C4F8B6621E7E}"
EndProject
Project("{2150E333-8FDC-42A3-9474-1A3956D46DE8}") = "Shared", "Shared", "{66B81551-4647-481B-AE2D-E841BD52689E}"
EndProject
Project("{2150E333-8FDC-42A3-9474-1A3956D46DE8}") = "Others", "Others", "{68B14445-4386-49AD-9D7C-99333FB1787F}"
	ProjectSection(SolutionItems) = preProject
		.gitignore = .gitignore
		database relationship diagram.png = database relationship diagram.png
	EndProjectSection
EndProject
Project("{9A19103F-16F7-4668-BE54-9A1E7A4F7556}") = "N4ZV0Z_HFT_2023241.Endpoint", "N4ZV0Z_HFT_2023241.Endpoint\N4ZV0Z_HFT_2023241.Endpoint.csproj", "{3D776F8D-9FBB-4F33-8E2A-A8EEFA1BA619}"
EndProject
Project("{FAE04EC0-301F-11D3-BF4B-00C04F79EFBC}") = "N4ZV0Z_HFT_2023241.WpfClient", "N4ZV0Z_HFT_2023241.WpfClient\N4ZV0Z_HFT_2023241.WpfClient.csproj", "{F1C59CB3-713B-4515-BB86-FB8F29949461}"
EndProject
Global
	GlobalSection(SolutionConfigurationPlatforms) = preSolution
		Debug|Any CPU = Debug|Any CPU
		Release|Any CPU = Release|Any CPU
	EndGlobalSection
	GlobalSection(ProjectConfigurationPlatforms) = postSolution
		{0E08157C-46FA-43CB-B269-9B83535732B9}.Debug|Any CPU.ActiveCfg = Debug|Any CPU
		{0E08157C-46FA-43CB-B269-9B83535732B9}.Debug|Any CPU.Build.0 = Debug|Any CPU
		{0E08157C-46FA-43CB-B269-9B83535732B9}.Release|Any CPU.ActiveCfg = Release|Any CPU
		{0E08157C-46FA-43CB-B269-9B83535732B9}.Release|Any CPU.Build.0 = Release|Any CPU
		{8F413222-A843-4BA9-BA84-3B4A3543F308}.Debug|Any CPU.ActiveCfg = Debug|Any CPU
		{8F413222-A843-4BA9-BA84-3B4A3543F308}.Debug|Any CPU.Build.0 = Debug|Any CPU
		{8F413222-A843-4BA9-BA84-3B4A3543F308}.Release|Any CPU.ActiveCfg = Release|Any CPU
		{8F413222-A843-4BA9-BA84-3B4A3543F308}.Release|Any CPU.Build.0 = Release|Any CPU
		{7C03D7AA-6B69-4585-A003-EABFBBF12DF2}.Debug|Any CPU.ActiveCfg = Debug|Any CPU
		{7C03D7AA-6B69-4585-A003-EABFBBF12DF2}.Debug|Any CPU.Build.0 = Debug|Any CPU
		{7C03D7AA-6B69-4585-A003-EABFBBF12DF2}.Release|Any CPU.ActiveCfg = Release|Any CPU
		{7C03D7AA-6B69-4585-A003-EABFBBF12DF2}.Release|Any CPU.Build.0 = Release|Any CPU
		{8782EAB7-9EC3-4AC3-95FB-B0B3516E44C2}.Debug|Any CPU.ActiveCfg = Debug|Any CPU
		{8782EAB7-9EC3-4AC3-95FB-B0B3516E44C2}.Debug|Any CPU.Build.0 = Debug|Any CPU
		{8782EAB7-9EC3-4AC3-95FB-B0B3516E44C2}.Release|Any CPU.ActiveCfg = Release|Any CPU
		{8782EAB7-9EC3-4AC3-95FB-B0B3516E44C2}.Release|Any CPU.Build.0 = Release|Any CPU
		{604A4373-16D9-4181-9F67-01E750158659}.Debug|Any CPU.ActiveCfg = Debug|Any CPU
		{604A4373-16D9-4181-9F67-01E750158659}.Debug|Any CPU.Build.0 = Debug|Any CPU
		{604A4373-16D9-4181-9F67-01E750158659}.Release|Any CPU.ActiveCfg = Release|Any CPU
		{604A4373-16D9-4181-9F67-01E750158659}.Release|Any CPU.Build.0 = Release|Any CPU
		{3D776F8D-9FBB-4F33-8E2A-A8EEFA1BA619}.Debug|Any CPU.ActiveCfg = Debug|Any CPU
		{3D776F8D-9FBB-4F33-8E2A-A8EEFA1BA619}.Debug|Any CPU.Build.0 = Debug|Any CPU
		{3D776F8D-9FBB-4F33-8E2A-A8EEFA1BA619}.Release|Any CPU.ActiveCfg = Release|Any CPU
		{3D776F8D-9FBB-4F33-8E2A-A8EEFA1BA619}.Release|Any CPU.Build.0 = Release|Any CPU
		{F1C59CB3-713B-4515-BB86-FB8F29949461}.Debug|Any CPU.ActiveCfg = Debug|Any CPU
		{F1C59CB3-713B-4515-BB86-FB8F29949461}.Debug|Any CPU.Build.0 = Debug|Any CPU
		{F1C59CB3-713B-4515-BB86-FB8F29949461}.Release|Any CPU.ActiveCfg = Release|Any CPU
		{F1C59CB3-713B-4515-BB86-FB8F29949461}.Release|Any CPU.Build.0 = Release|Any CPU
	EndGlobalSection
	GlobalSection(SolutionProperties) = preSolution
		HideSolutionNode = FALSE
	EndGlobalSection
	GlobalSection(NestedProjects) = preSolution
		{0E08157C-46FA-43CB-B269-9B83535732B9} = {38A9BAF5-725A-4D66-8EF7-C4F8B6621E7E}
		{8F413222-A843-4BA9-BA84-3B4A3543F308} = {66B81551-4647-481B-AE2D-E841BD52689E}
		{7C03D7AA-6B69-4585-A003-EABFBBF12DF2} = {384CD11E-A79B-4432-A73F-77C59CA06C94}
		{8782EAB7-9EC3-4AC3-95FB-B0B3516E44C2} = {384CD11E-A79B-4432-A73F-77C59CA06C94}
		{604A4373-16D9-4181-9F67-01E750158659} = {384CD11E-A79B-4432-A73F-77C59CA06C94}
		{3D776F8D-9FBB-4F33-8E2A-A8EEFA1BA619} = {384CD11E-A79B-4432-A73F-77C59CA06C94}
		{F1C59CB3-713B-4515-BB86-FB8F29949461} = {38A9BAF5-725A-4D66-8EF7-C4F8B6621E7E}
	EndGlobalSection
	GlobalSection(ExtensibilityGlobals) = postSolution
		SolutionGuid = {57868E0A-218A-444A-8A5D-0CB65E7242F7}
	EndGlobalSection
EndGlobal
